
Microsoft Visual Studio Solution File, Format Version 12.00
Project("{FAE04EC0-301F-11D3-BF4B-00C04F79EFBC}") = "RuntasticViewer", "RuntasticViewer\RuntasticViewer.csproj", "{E6957EF3-5C7C-4D27-B839-F4F8B93282DB}"
EndProject
Project("{FAE04EC0-301F-11D3-BF4B-00C04F79EFBC}") = "RuntasticViewer.Android", "RuntasticViewer.Android\RuntasticViewer.Android.csproj", "{A74DB85F-D3B0-4120-A785-CB37EE85BCA8}"
EndProject
Project("{FAE04EC0-301F-11D3-BF4B-00C04F79EFBC}") = "RuntasticViewer.iOS", "RuntasticViewer.iOS\RuntasticViewer.iOS.csproj", "{98294398-8C89-4DBC-A6E8-39FA7DECD2CE}"
EndProject
Global
	GlobalSection(SolutionConfigurationPlatforms) = preSolution
		Ad-Hoc|iPhone = Ad-Hoc|iPhone
		AppStore|iPhone = AppStore|iPhone
		Debug|Any CPU = Debug|Any CPU
		Debug|iPhone = Debug|iPhone
		Debug|iPhoneSimulator = Debug|iPhoneSimulator
		Release|Any CPU = Release|Any CPU
		Release|iPhone = Release|iPhone
		Release|iPhoneSimulator = Release|iPhoneSimulator
	EndGlobalSection
	GlobalSection(ProjectConfigurationPlatforms) = postSolution
		{E6957EF3-5C7C-4D27-B839-F4F8B93282DB}.Ad-Hoc|iPhone.ActiveCfg = Debug|Any CPU
		{E6957EF3-5C7C-4D27-B839-F4F8B93282DB}.Ad-Hoc|iPhone.Build.0 = Debug|Any CPU
		{E6957EF3-5C7C-4D27-B839-F4F8B93282DB}.AppStore|iPhone.ActiveCfg = Debug|Any CPU
		{E6957EF3-5C7C-4D27-B839-F4F8B93282DB}.AppStore|iPhone.Build.0 = Debug|Any CPU
		{E6957EF3-5C7C-4D27-B839-F4F8B93282DB}.Debug|Any CPU.ActiveCfg = Debug|Any CPU
		{E6957EF3-5C7C-4D27-B839-F4F8B93282DB}.Debug|Any CPU.Build.0 = Debug|Any CPU
		{E6957EF3-5C7C-4D27-B839-F4F8B93282DB}.Debug|iPhone.ActiveCfg = Debug|Any CPU
		{E6957EF3-5C7C-4D27-B839-F4F8B93282DB}.Debug|iPhone.Build.0 = Debug|Any CPU
		{E6957EF3-5C7C-4D27-B839-F4F8B93282DB}.Debug|iPhoneSimulator.ActiveCfg = Debug|Any CPU
		{E6957EF3-5C7C-4D27-B839-F4F8B93282DB}.Debug|iPhoneSimulator.Build.0 = Debug|Any CPU
		{E6957EF3-5C7C-4D27-B839-F4F8B93282DB}.Release|Any CPU.ActiveCfg = Release|Any CPU
		{E6957EF3-5C7C-4D27-B839-F4F8B93282DB}.Release|Any CPU.Build.0 = Release|Any CPU
		{E6957EF3-5C7C-4D27-B839-F4F8B93282DB}.Release|iPhone.ActiveCfg = Release|Any CPU
		{E6957EF3-5C7C-4D27-B839-F4F8B93282DB}.Release|iPhone.Build.0 = Release|Any CPU
		{E6957EF3-5C7C-4D27-B839-F4F8B93282DB}.Release|iPhoneSimulator.ActiveCfg = Release|Any CPU
		{E6957EF3-5C7C-4D27-B839-F4F8B93282DB}.Release|iPhoneSimulator.Build.0 = Release|Any CPU
		{A74DB85F-D3B0-4120-A785-CB37EE85BCA8}.Ad-Hoc|iPhone.ActiveCfg = Debug|Any CPU
		{A74DB85F-D3B0-4120-A785-CB37EE85BCA8}.Ad-Hoc|iPhone.Build.0 = Debug|Any CPU
		{A74DB85F-D3B0-4120-A785-CB37EE85BCA8}.Ad-Hoc|iPhone.Deploy.0 = Debug|Any CPU
		{A74DB85F-D3B0-4120-A785-CB37EE85BCA8}.AppStore|iPhone.ActiveCfg = Debug|Any CPU
		{A74DB85F-D3B0-4120-A785-CB37EE85BCA8}.AppStore|iPhone.Build.0 = Debug|Any CPU
		{A74DB85F-D3B0-4120-A785-CB37EE85BCA8}.AppStore|iPhone.Deploy.0 = Debug|Any CPU
		{A74DB85F-D3B0-4120-A785-CB37EE85BCA8}.Debug|Any CPU.ActiveCfg = Debug|Any CPU
		{A74DB85F-D3B0-4120-A785-CB37EE85BCA8}.Debug|Any CPU.Build.0 = Debug|Any CPU
		{A74DB85F-D3B0-4120-A785-CB37EE85BCA8}.Debug|Any CPU.Deploy.0 = Debug|Any CPU
		{A74DB85F-D3B0-4120-A785-CB37EE85BCA8}.Debug|iPhone.ActiveCfg = Debug|Any CPU
		{A74DB85F-D3B0-4120-A785-CB37EE85BCA8}.Debug|iPhone.Build.0 = Debug|Any CPU
		{A74DB85F-D3B0-4120-A785-CB37EE85BCA8}.Debug|iPhone.Deploy.0 = Debug|Any CPU
		{A74DB85F-D3B0-4120-A785-CB37EE85BCA8}.Debug|iPhoneSimulator.ActiveCfg = Debug|Any CPU
		{A74DB85F-D3B0-4120-A785-CB37EE85BCA8}.Debug|iPhoneSimulator.Build.0 = Debug|Any CPU
		{A74DB85F-D3B0-4120-A785-CB37EE85BCA8}.Debug|iPhoneSimulator.Deploy.0 = Debug|Any CPU
		{A74DB85F-D3B0-4120-A785-CB37EE85BCA8}.Release|Any CPU.ActiveCfg = Release|Any CPU
		{A74DB85F-D3B0-4120-A785-CB37EE85BCA8}.Release|Any CPU.Build.0 = Release|Any CPU
		{A74DB85F-D3B0-4120-A785-CB37EE85BCA8}.Release|Any CPU.Deploy.0 = Release|Any CPU
		{A74DB85F-D3B0-4120-A785-CB37EE85BCA8}.Release|iPhone.ActiveCfg = Release|Any CPU
		{A74DB85F-D3B0-4120-A785-CB37EE85BCA8}.Release|iPhone.Build.0 = Release|Any CPU
		{A74DB85F-D3B0-4120-A785-CB37EE85BCA8}.Release|iPhone.Deploy.0 = Release|Any CPU
		{A74DB85F-D3B0-4120-A785-CB37EE85BCA8}.Release|iPhoneSimulator.ActiveCfg = Release|Any CPU
		{A74DB85F-D3B0-4120-A785-CB37EE85BCA8}.Release|iPhoneSimulator.Build.0 = Release|Any CPU
		{A74DB85F-D3B0-4120-A785-CB37EE85BCA8}.Release|iPhoneSimulator.Deploy.0 = Release|Any CPU
		{98294398-8C89-4DBC-A6E8-39FA7DECD2CE}.Ad-Hoc|iPhone.ActiveCfg = Ad-Hoc|iPhone
		{98294398-8C89-4DBC-A6E8-39FA7DECD2CE}.Ad-Hoc|iPhone.Build.0 = Ad-Hoc|iPhone
		{98294398-8C89-4DBC-A6E8-39FA7DECD2CE}.Ad-Hoc|iPhone.Deploy.0 = Ad-Hoc|iPhone
		{98294398-8C89-4DBC-A6E8-39FA7DECD2CE}.AppStore|iPhone.ActiveCfg = AppStore|iPhone
		{98294398-8C89-4DBC-A6E8-39FA7DECD2CE}.AppStore|iPhone.Build.0 = AppStore|iPhone
		{98294398-8C89-4DBC-A6E8-39FA7DECD2CE}.AppStore|iPhone.Deploy.0 = AppStore|iPhone
		{98294398-8C89-4DBC-A6E8-39FA7DECD2CE}.Debug|Any CPU.ActiveCfg = Debug|iPhoneSimulator
		{98294398-8C89-4DBC-A6E8-39FA7DECD2CE}.Debug|Any CPU.Build.0 = Debug|iPhoneSimulator
		{98294398-8C89-4DBC-A6E8-39FA7DECD2CE}.Debug|Any CPU.Deploy.0 = Debug|iPhoneSimulator
		{98294398-8C89-4DBC-A6E8-39FA7DECD2CE}.Debug|iPhone.ActiveCfg = Debug|iPhone
		{98294398-8C89-4DBC-A6E8-39FA7DECD2CE}.Debug|iPhone.Build.0 = Debug|iPhone
		{98294398-8C89-4DBC-A6E8-39FA7DECD2CE}.Debug|iPhone.Deploy.0 = Debug|iPhone
		{98294398-8C89-4DBC-A6E8-39FA7DECD2CE}.Debug|iPhoneSimulator.ActiveCfg = Debug|iPhoneSimulator
		{98294398-8C89-4DBC-A6E8-39FA7DECD2CE}.Debug|iPhoneSimulator.Build.0 = Debug|iPhoneSimulator
		{98294398-8C89-4DBC-A6E8-39FA7DECD2CE}.Debug|iPhoneSimulator.Deploy.0 = Debug|iPhoneSimulator
		{98294398-8C89-4DBC-A6E8-39FA7DECD2CE}.Release|Any CPU.ActiveCfg = Release|iPhoneSimulator
		{98294398-8C89-4DBC-A6E8-39FA7DECD2CE}.Release|Any CPU.Build.0 = Release|iPhoneSimulator
		{98294398-8C89-4DBC-A6E8-39FA7DECD2CE}.Release|Any CPU.Deploy.0 = Release|iPhoneSimulator
		{98294398-8C89-4DBC-A6E8-39FA7DECD2CE}.Release|iPhone.ActiveCfg = Release|iPhone
		{98294398-8C89-4DBC-A6E8-39FA7DECD2CE}.Release|iPhone.Build.0 = Release|iPhone
		{98294398-8C89-4DBC-A6E8-39FA7DECD2CE}.Release|iPhone.Deploy.0 = Release|iPhone
		{98294398-8C89-4DBC-A6E8-39FA7DECD2CE}.Release|iPhoneSimulator.ActiveCfg = Release|iPhoneSimulator
		{98294398-8C89-4DBC-A6E8-39FA7DECD2CE}.Release|iPhoneSimulator.Build.0 = Release|iPhoneSimulator
		{98294398-8C89-4DBC-A6E8-39FA7DECD2CE}.Release|iPhoneSimulator.Deploy.0 = Release|iPhoneSimulator
	EndGlobalSection
EndGlobal
